// !$*UTF8*$!
{
	archiveVersion = 1;
	classes = {
	};
	objectVersion = 55;
	objects = {

/* Begin PBXBuildFile section */
		02EBA65B28ABDF3500818ED3 /* AppDelegate.swift in Sources */ = {isa = PBXBuildFile; fileRef = 02EBA65A28ABDF3500818ED3 /* AppDelegate.swift */; };
		02EBA65D28ABDF3500818ED3 /* SceneDelegate.swift in Sources */ = {isa = PBXBuildFile; fileRef = 02EBA65C28ABDF3500818ED3 /* SceneDelegate.swift */; };
		02EBA65F28ABDF3500818ED3 /* ViewController.swift in Sources */ = {isa = PBXBuildFile; fileRef = 02EBA65E28ABDF3500818ED3 /* ViewController.swift */; };
		02EBA66228ABDF3500818ED3 /* Main.storyboard in Resources */ = {isa = PBXBuildFile; fileRef = 02EBA66028ABDF3500818ED3 /* Main.storyboard */; };
		02EBA66528ABDF3500818ED3 /* ToDo.xcdatamodeld in Sources */ = {isa = PBXBuildFile; fileRef = 02EBA66328ABDF3500818ED3 /* ToDo.xcdatamodeld */; };
		02EBA66728ABDF3700818ED3 /* Assets.xcassets in Resources */ = {isa = PBXBuildFile; fileRef = 02EBA66628ABDF3700818ED3 /* Assets.xcassets */; };
		02EBA66A28ABDF3700818ED3 /* LaunchScreen.storyboard in Resources */ = {isa = PBXBuildFile; fileRef = 02EBA66828ABDF3700818ED3 /* LaunchScreen.storyboard */; };
		02EBA67528ABDF3700818ED3 /* ToDoTests.swift in Sources */ = {isa = PBXBuildFile; fileRef = 02EBA67428ABDF3700818ED3 /* ToDoTests.swift */; };
		02EBA67F28ABDF3700818ED3 /* ToDoUITests.swift in Sources */ = {isa = PBXBuildFile; fileRef = 02EBA67E28ABDF3700818ED3 /* ToDoUITests.swift */; };
		02EBA68128ABDF3700818ED3 /* ToDoUITestsLaunchTests.swift in Sources */ = {isa = PBXBuildFile; fileRef = 02EBA68028ABDF3700818ED3 /* ToDoUITestsLaunchTests.swift */; };
/* End PBXBuildFile section */

/* Begin PBXContainerItemProxy section */
		02EBA67128ABDF3700818ED3 /* PBXContainerItemProxy */ = {
			isa = PBXContainerItemProxy;
			containerPortal = 02EBA64F28ABDF3500818ED3 /* Project object */;
			proxyType = 1;
			remoteGlobalIDString = 02EBA65628ABDF3500818ED3;
			remoteInfo = ToDo;
		};
		02EBA67B28ABDF3700818ED3 /* PBXContainerItemProxy */ = {
			isa = PBXContainerItemProxy;
			containerPortal = 02EBA64F28ABDF3500818ED3 /* Project object */;
			proxyType = 1;
			remoteGlobalIDString = 02EBA65628ABDF3500818ED3;
			remoteInfo = ToDo;
		};
/* End PBXContainerItemProxy section */

/* Begin PBXFileReference section */
		02EBA65728ABDF3500818ED3 /* ToDo.app */ = {isa = PBXFileReference; explicitFileType = wrapper.application; includeInIndex = 0; path = ToDo.app; sourceTree = BUILT_PRODUCTS_DIR; };
		02EBA65A28ABDF3500818ED3 /* AppDelegate.swift */ = {isa = PBXFileReference; lastKnownFileType = sourcecode.swift; path = AppDelegate.swift; sourceTree = "<group>"; };
		02EBA65C28ABDF3500818ED3 /* SceneDelegate.swift */ = {isa = PBXFileReference; lastKnownFileType = sourcecode.swift; path = SceneDelegate.swift; sourceTree = "<group>"; };
		02EBA65E28ABDF3500818ED3 /* ViewController.swift */ = {isa = PBXFileReference; lastKnownFileType = sourcecode.swift; path = ViewController.swift; sourceTree = "<group>"; };
		02EBA66128ABDF3500818ED3 /* Base */ = {isa = PBXFileReference; lastKnownFileType = file.storyboard; name = Base; path = Base.lproj/Main.storyboard; sourceTree = "<group>"; };
		02EBA66428ABDF3500818ED3 /* ToDo.xcdatamodel */ = {isa = PBXFileReference; lastKnownFileType = wrapper.xcdatamodel; path = ToDo.xcdatamodel; sourceTree = "<group>"; };
		02EBA66628ABDF3700818ED3 /* Assets.xcassets */ = {isa = PBXFileReference; lastKnownFileType = folder.assetcatalog; path = Assets.xcassets; sourceTree = "<group>"; };
		02EBA66928ABDF3700818ED3 /* Base */ = {isa = PBXFileReference; lastKnownFileType = file.storyboard; name = Base; path = Base.lproj/LaunchScreen.storyboard; sourceTree = "<group>"; };
		02EBA66B28ABDF3700818ED3 /* Info.plist */ = {isa = PBXFileReference; lastKnownFileType = text.plist.xml; path = Info.plist; sourceTree = "<group>"; };
		02EBA67028ABDF3700818ED3 /* ToDoTests.xctest */ = {isa = PBXFileReference; explicitFileType = wrapper.cfbundle; includeInIndex = 0; path = ToDoTests.xctest; sourceTree = BUILT_PRODUCTS_DIR; };
		02EBA67428ABDF3700818ED3 /* ToDoTests.swift */ = {isa = PBXFileReference; lastKnownFileType = sourcecode.swift; path = ToDoTests.swift; sourceTree = "<group>"; };
		02EBA67A28ABDF3700818ED3 /* ToDoUITests.xctest */ = {isa = PBXFileReference; explicitFileType = wrapper.cfbundle; includeInIndex = 0; path = ToDoUITests.xctest; sourceTree = BUILT_PRODUCTS_DIR; };
		02EBA67E28ABDF3700818ED3 /* ToDoUITests.swift */ = {isa = PBXFileReference; lastKnownFileType = sourcecode.swift; path = ToDoUITests.swift; sourceTree = "<group>"; };
		02EBA68028ABDF3700818ED3 /* ToDoUITestsLaunchTests.swift */ = {isa = PBXFileReference; lastKnownFileType = sourcecode.swift; path = ToDoUITestsLaunchTests.swift; sourceTree = "<group>"; };
/* End PBXFileReference section */

/* Begin PBXFrameworksBuildPhase section */
		02EBA65428ABDF3500818ED3 /* Frameworks */ = {
			isa = PBXFrameworksBuildPhase;
			buildActionMask = 2147483647;
			files = (
			);
			runOnlyForDeploymentPostprocessing = 0;
		};
		02EBA66D28ABDF3700818ED3 /* Frameworks */ = {
			isa = PBXFrameworksBuildPhase;
			buildActionMask = 2147483647;
			files = (
			);
			runOnlyForDeploymentPostprocessing = 0;
		};
		02EBA67728ABDF3700818ED3 /* Frameworks */ = {
			isa = PBXFrameworksBuildPhase;
			buildActionMask = 2147483647;
			files = (
			);
			runOnlyForDeploymentPostprocessing = 0;
		};
/* End PBXFrameworksBuildPhase section */

/* Begin PBXGroup section */
		02EBA64E28ABDF3500818ED3 = {
			isa = PBXGroup;
			children = (
				02EBA65928ABDF3500818ED3 /* ToDo */,
				02EBA67328ABDF3700818ED3 /* ToDoTests */,
				02EBA67D28ABDF3700818ED3 /* ToDoUITests */,
				02EBA65828ABDF3500818ED3 /* Products */,
			);
			sourceTree = "<group>";
		};
		02EBA65828ABDF3500818ED3 /* Products */ = {
			isa = PBXGroup;
			children = (
				02EBA65728ABDF3500818ED3 /* ToDo.app */,
				02EBA67028ABDF3700818ED3 /* ToDoTests.xctest */,
				02EBA67A28ABDF3700818ED3 /* ToDoUITests.xctest */,
			);
			name = Products;
			sourceTree = "<group>";
		};
		02EBA65928ABDF3500818ED3 /* ToDo */ = {
			isa = PBXGroup;
			children = (
				02EBA65A28ABDF3500818ED3 /* AppDelegate.swift */,
				02EBA65C28ABDF3500818ED3 /* SceneDelegate.swift */,
				02EBA65E28ABDF3500818ED3 /* ViewController.swift */,
				02EBA66028ABDF3500818ED3 /* Main.storyboard */,
				02EBA66628ABDF3700818ED3 /* Assets.xcassets */,
				02EBA66828ABDF3700818ED3 /* LaunchScreen.storyboard */,
				02EBA66B28ABDF3700818ED3 /* Info.plist */,
				02EBA66328ABDF3500818ED3 /* ToDo.xcdatamodeld */,
			);
			path = ToDo;
			sourceTree = "<group>";
		};
		02EBA67328ABDF3700818ED3 /* ToDoTests */ = {
			isa = PBXGroup;
			children = (
				02EBA67428ABDF3700818ED3 /* ToDoTests.swift */,
			);
			path = ToDoTests;
			sourceTree = "<group>";
		};
		02EBA67D28ABDF3700818ED3 /* ToDoUITests */ = {
			isa = PBXGroup;
			children = (
				02EBA67E28ABDF3700818ED3 /* ToDoUITests.swift */,
				02EBA68028ABDF3700818ED3 /* ToDoUITestsLaunchTests.swift */,
			);
			path = ToDoUITests;
			sourceTree = "<group>";
		};
/* End PBXGroup section */

/* Begin PBXNativeTarget section */
		02EBA65628ABDF3500818ED3 /* ToDo */ = {
			isa = PBXNativeTarget;
			buildConfigurationList = 02EBA68428ABDF3700818ED3 /* Build configuration list for PBXNativeTarget "ToDo" */;
			buildPhases = (
				02EBA65328ABDF3500818ED3 /* Sources */,
				02EBA65428ABDF3500818ED3 /* Frameworks */,
				02EBA65528ABDF3500818ED3 /* Resources */,
			);
			buildRules = (
			);
			dependencies = (
			);
			name = ToDo;
			productName = ToDo;
			productReference = 02EBA65728ABDF3500818ED3 /* ToDo.app */;
			productType = "com.apple.product-type.application";
		};
		02EBA66F28ABDF3700818ED3 /* ToDoTests */ = {
			isa = PBXNativeTarget;
			buildConfigurationList = 02EBA68728ABDF3700818ED3 /* Build configuration list for PBXNativeTarget "ToDoTests" */;
			buildPhases = (
				02EBA66C28ABDF3700818ED3 /* Sources */,
				02EBA66D28ABDF3700818ED3 /* Frameworks */,
				02EBA66E28ABDF3700818ED3 /* Resources */,
			);
			buildRules = (
			);
			dependencies = (
				02EBA67228ABDF3700818ED3 /* PBXTargetDependency */,
			);
			name = ToDoTests;
			productName = ToDoTests;
			productReference = 02EBA67028ABDF3700818ED3 /* ToDoTests.xctest */;
			productType = "com.apple.product-type.bundle.unit-test";
		};
		02EBA67928ABDF3700818ED3 /* ToDoUITests */ = {
			isa = PBXNativeTarget;
			buildConfigurationList = 02EBA68A28ABDF3700818ED3 /* Build configuration list for PBXNativeTarget "ToDoUITests" */;
			buildPhases = (
				02EBA67628ABDF3700818ED3 /* Sources */,
				02EBA67728ABDF3700818ED3 /* Frameworks */,
				02EBA67828ABDF3700818ED3 /* Resources */,
			);
			buildRules = (
			);
			dependencies = (
				02EBA67C28ABDF3700818ED3 /* PBXTargetDependency */,
			);
			name = ToDoUITests;
			productName = ToDoUITests;
			productReference = 02EBA67A28ABDF3700818ED3 /* ToDoUITests.xctest */;
			productType = "com.apple.product-type.bundle.ui-testing";
		};
/* End PBXNativeTarget section */

/* Begin PBXProject section */
		02EBA64F28ABDF3500818ED3 /* Project object */ = {
			isa = PBXProject;
			attributes = {
				BuildIndependentTargetsInParallel = 1;
				LastSwiftUpdateCheck = 1340;
				LastUpgradeCheck = 1340;
				TargetAttributes = {
					02EBA65628ABDF3500818ED3 = {
						CreatedOnToolsVersion = 13.4.1;
					};
					02EBA66F28ABDF3700818ED3 = {
						CreatedOnToolsVersion = 13.4.1;
						TestTargetID = 02EBA65628ABDF3500818ED3;
					};
					02EBA67928ABDF3700818ED3 = {
						CreatedOnToolsVersion = 13.4.1;
						TestTargetID = 02EBA65628ABDF3500818ED3;
					};
				};
			};
			buildConfigurationList = 02EBA65228ABDF3500818ED3 /* Build configuration list for PBXProject "ToDo" */;
			compatibilityVersion = "Xcode 13.0";
			developmentRegion = en;
			hasScannedForEncodings = 0;
			knownRegions = (
				en,
				Base,
			);
			mainGroup = 02EBA64E28ABDF3500818ED3;
			productRefGroup = 02EBA65828ABDF3500818ED3 /* Products */;
			projectDirPath = "";
			projectRoot = "";
			targets = (
				02EBA65628ABDF3500818ED3 /* ToDo */,
				02EBA66F28ABDF3700818ED3 /* ToDoTests */,
				02EBA67928ABDF3700818ED3 /* ToDoUITests */,
			);
		};
/* End PBXProject section */

/* Begin PBXResourcesBuildPhase section */
		02EBA65528ABDF3500818ED3 /* Resources */ = {
			isa = PBXResourcesBuildPhase;
			buildActionMask = 2147483647;
			files = (
				02EBA66A28ABDF3700818ED3 /* LaunchScreen.storyboard in Resources */,
				02EBA66728ABDF3700818ED3 /* Assets.xcassets in Resources */,
				02EBA66228ABDF3500818ED3 /* Main.storyboard in Resources */,
			);
			runOnlyForDeploymentPostprocessing = 0;
		};
		02EBA66E28ABDF3700818ED3 /* Resources */ = {
			isa = PBXResourcesBuildPhase;
			buildActionMask = 2147483647;
			files = (
			);
			runOnlyForDeploymentPostprocessing = 0;
		};
		02EBA67828ABDF3700818ED3 /* Resources */ = {
			isa = PBXResourcesBuildPhase;
			buildActionMask = 2147483647;
			files = (
			);
			runOnlyForDeploymentPostprocessing = 0;
		};
/* End PBXResourcesBuildPhase section */

/* Begin PBXSourcesBuildPhase section */
		02EBA65328ABDF3500818ED3 /* Sources */ = {
			isa = PBXSourcesBuildPhase;
			buildActionMask = 2147483647;
			files = (
				02EBA65F28ABDF3500818ED3 /* ViewController.swift in Sources */,
				02EBA65B28ABDF3500818ED3 /* AppDelegate.swift in Sources */,
				02EBA65D28ABDF3500818ED3 /* SceneDelegate.swift in Sources */,
				02EBA66528ABDF3500818ED3 /* ToDo.xcdatamodeld in Sources */,
			);
			runOnlyForDeploymentPostprocessing = 0;
		};
		02EBA66C28ABDF3700818ED3 /* Sources */ = {
			isa = PBXSourcesBuildPhase;
			buildActionMask = 2147483647;
			files = (
				02EBA67528ABDF3700818ED3 /* ToDoTests.swift in Sources */,
			);
			runOnlyForDeploymentPostprocessing = 0;
		};
		02EBA67628ABDF3700818ED3 /* Sources */ = {
			isa = PBXSourcesBuildPhase;
			buildActionMask = 2147483647;
			files = (
				02EBA68128ABDF3700818ED3 /* ToDoUITestsLaunchTests.swift in Sources */,
				02EBA67F28ABDF3700818ED3 /* ToDoUITests.swift in Sources */,
			);
			runOnlyForDeploymentPostprocessing = 0;
		};
/* End PBXSourcesBuildPhase section */

/* Begin PBXTargetDependency section */
		02EBA67228ABDF3700818ED3 /* PBXTargetDependency */ = {
			isa = PBXTargetDependency;
			target = 02EBA65628ABDF3500818ED3 /* ToDo */;
			targetProxy = 02EBA67128ABDF3700818ED3 /* PBXContainerItemProxy */;
		};
		02EBA67C28ABDF3700818ED3 /* PBXTargetDependency */ = {
			isa = PBXTargetDependency;
			target = 02EBA65628ABDF3500818ED3 /* ToDo */;
			targetProxy = 02EBA67B28ABDF3700818ED3 /* PBXContainerItemProxy */;
		};
/* End PBXTargetDependency section */

/* Begin PBXVariantGroup section */
		02EBA66028ABDF3500818ED3 /* Main.storyboard */ = {
			isa = PBXVariantGroup;
			children = (
				02EBA66128ABDF3500818ED3 /* Base */,
			);
			name = Main.storyboard;
			sourceTree = "<group>";
		};
		02EBA66828ABDF3700818ED3 /* LaunchScreen.storyboard */ = {
			isa = PBXVariantGroup;
			children = (
				02EBA66928ABDF3700818ED3 /* Base */,
			);
			name = LaunchScreen.storyboard;
			sourceTree = "<group>";
		};
/* End PBXVariantGroup section */

/* Begin XCBuildConfiguration section */
		02EBA68228ABDF3700818ED3 /* Debug */ = {
			isa = XCBuildConfiguration;
			buildSettings = {
				ALWAYS_SEARCH_USER_PATHS = NO;
				CLANG_ANALYZER_NONNULL = YES;
				CLANG_ANALYZER_NUMBER_OBJECT_CONVERSION = YES_AGGRESSIVE;
				CLANG_CXX_LANGUAGE_STANDARD = "gnu++17";
				CLANG_ENABLE_MODULES = YES;
				CLANG_ENABLE_OBJC_ARC = YES;
				CLANG_ENABLE_OBJC_WEAK = YES;
				CLANG_WARN_BLOCK_CAPTURE_AUTORELEASING = YES;
				CLANG_WARN_BOOL_CONVERSION = YES;
				CLANG_WARN_COMMA = YES;
				CLANG_WARN_CONSTANT_CONVERSION = YES;
				CLANG_WARN_DEPRECATED_OBJC_IMPLEMENTATIONS = YES;
				CLANG_WARN_DIRECT_OBJC_ISA_USAGE = YES_ERROR;
				CLANG_WARN_DOCUMENTATION_COMMENTS = YES;
				CLANG_WARN_EMPTY_BODY = YES;
				CLANG_WARN_ENUM_CONVERSION = YES;
				CLANG_WARN_INFINITE_RECURSION = YES;
				CLANG_WARN_INT_CONVERSION = YES;
				CLANG_WARN_NON_LITERAL_NULL_CONVERSION = YES;
				CLANG_WARN_OBJC_IMPLICIT_RETAIN_SELF = YES;
				CLANG_WARN_OBJC_LITERAL_CONVERSION = YES;
				CLANG_WARN_OBJC_ROOT_CLASS = YES_ERROR;
				CLANG_WARN_QUOTED_INCLUDE_IN_FRAMEWORK_HEADER = YES;
				CLANG_WARN_RANGE_LOOP_ANALYSIS = YES;
				CLANG_WARN_STRICT_PROTOTYPES = YES;
				CLANG_WARN_SUSPICIOUS_MOVE = YES;
				CLANG_WARN_UNGUARDED_AVAILABILITY = YES_AGGRESSIVE;
				CLANG_WARN_UNREACHABLE_CODE = YES;
				CLANG_WARN__DUPLICATE_METHOD_MATCH = YES;
				COPY_PHASE_STRIP = NO;
				DEBUG_INFORMATION_FORMAT = dwarf;
				ENABLE_STRICT_OBJC_MSGSEND = YES;
				ENABLE_TESTABILITY = YES;
				GCC_C_LANGUAGE_STANDARD = gnu11;
				GCC_DYNAMIC_NO_PIC = NO;
				GCC_NO_COMMON_BLOCKS = YES;
				GCC_OPTIMIZATION_LEVEL = 0;
				GCC_PREPROCESSOR_DEFINITIONS = (
					"DEBUG=1",
					"$(inherited)",
				);
				GCC_WARN_64_TO_32_BIT_CONVERSION = YES;
				GCC_WARN_ABOUT_RETURN_TYPE = YES_ERROR;
				GCC_WARN_UNDECLARED_SELECTOR = YES;
				GCC_WARN_UNINITIALIZED_AUTOS = YES_AGGRESSIVE;
				GCC_WARN_UNUSED_FUNCTION = YES;
				GCC_WARN_UNUSED_VARIABLE = YES;
				IPHONEOS_DEPLOYMENT_TARGET = 15.5;
				MTL_ENABLE_DEBUG_INFO = INCLUDE_SOURCE;
				MTL_FAST_MATH = YES;
				ONLY_ACTIVE_ARCH = YES;
				SDKROOT = iphoneos;
				SWIFT_ACTIVE_COMPILATION_CONDITIONS = DEBUG;
				SWIFT_OPTIMIZATION_LEVEL = "-Onone";
			};
			name = Debug;
		};
		02EBA68328ABDF3700818ED3 /* Release */ = {
			isa = XCBuildConfiguration;
			buildSettings = {
				ALWAYS_SEARCH_USER_PATHS = NO;
				CLANG_ANALYZER_NONNULL = YES;
				CLANG_ANALYZER_NUMBER_OBJECT_CONVERSION = YES_AGGRESSIVE;
				CLANG_CXX_LANGUAGE_STANDARD = "gnu++17";
				CLANG_ENABLE_MODULES = YES;
				CLANG_ENABLE_OBJC_ARC = YES;
				CLANG_ENABLE_OBJC_WEAK = YES;
				CLANG_WARN_BLOCK_CAPTURE_AUTORELEASING = YES;
				CLANG_WARN_BOOL_CONVERSION = YES;
				CLANG_WARN_COMMA = YES;
				CLANG_WARN_CONSTANT_CONVERSION = YES;
				CLANG_WARN_DEPRECATED_OBJC_IMPLEMENTATIONS = YES;
				CLANG_WARN_DIRECT_OBJC_ISA_USAGE = YES_ERROR;
				CLANG_WARN_DOCUMENTATION_COMMENTS = YES;
				CLANG_WARN_EMPTY_BODY = YES;
				CLANG_WARN_ENUM_CONVERSION = YES;
				CLANG_WARN_INFINITE_RECURSION = YES;
				CLANG_WARN_INT_CONVERSION = YES;
				CLANG_WARN_NON_LITERAL_NULL_CONVERSION = YES;
				CLANG_WARN_OBJC_IMPLICIT_RETAIN_SELF = YES;
				CLANG_WARN_OBJC_LITERAL_CONVERSION = YES;
				CLANG_WARN_OBJC_ROOT_CLASS = YES_ERROR;
				CLANG_WARN_QUOTED_INCLUDE_IN_FRAMEWORK_HEADER = YES;
				CLANG_WARN_RANGE_LOOP_ANALYSIS = YES;
				CLANG_WARN_STRICT_PROTOTYPES = YES;
				CLANG_WARN_SUSPICIOUS_MOVE = YES;
				CLANG_WARN_UNGUARDED_AVAILABILITY = YES_AGGRESSIVE;
				CLANG_WARN_UNREACHABLE_CODE = YES;
				CLANG_WARN__DUPLICATE_METHOD_MATCH = YES;
				COPY_PHASE_STRIP = NO;
				DEBUG_INFORMATION_FORMAT = "dwarf-with-dsym";
				ENABLE_NS_ASSERTIONS = NO;
				ENABLE_STRICT_OBJC_MSGSEND = YES;
				GCC_C_LANGUAGE_STANDARD = gnu11;
				GCC_NO_COMMON_BLOCKS = YES;
				GCC_WARN_64_TO_32_BIT_CONVERSION = YES;
				GCC_WARN_ABOUT_RETURN_TYPE = YES_ERROR;
				GCC_WARN_UNDECLARED_SELECTOR = YES;
				GCC_WARN_UNINITIALIZED_AUTOS = YES_AGGRESSIVE;
				GCC_WARN_UNUSED_FUNCTION = YES;
				GCC_WARN_UNUSED_VARIABLE = YES;
				IPHONEOS_DEPLOYMENT_TARGET = 15.5;
				MTL_ENABLE_DEBUG_INFO = NO;
				MTL_FAST_MATH = YES;
				SDKROOT = iphoneos;
				SWIFT_COMPILATION_MODE = wholemodule;
				SWIFT_OPTIMIZATION_LEVEL = "-O";
				VALIDATE_PRODUCT = YES;
			};
			name = Release;
		};
		02EBA68528ABDF3700818ED3 /* Debug */ = {
			isa = XCBuildConfiguration;
			buildSettings = {
				ASSETCATALOG_COMPILER_APPICON_NAME = AppIcon;
				ASSETCATALOG_COMPILER_GLOBAL_ACCENT_COLOR_NAME = AccentColor;
				CODE_SIGN_STYLE = Automatic;
				CURRENT_PROJECT_VERSION = 1;
				DEVELOPMENT_TEAM = RP543JY5N7;
				GENERATE_INFOPLIST_FILE = YES;
				INFOPLIST_FILE = ToDo/Info.plist;
				INFOPLIST_KEY_UIApplicationSupportsIndirectInputEvents = YES;
				INFOPLIST_KEY_UILaunchStoryboardName = LaunchScreen;
				INFOPLIST_KEY_UIMainStoryboardFile = Main;
				INFOPLIST_KEY_UISupportedInterfaceOrientations_iPad = "UIInterfaceOrientationPortrait UIInterfaceOrientationPortraitUpsideDown UIInterfaceOrientationLandscapeLeft UIInterfaceOrientationLandscapeRight";
				INFOPLIST_KEY_UISupportedInterfaceOrientations_iPhone = "UIInterfaceOrientationPortrait UIInterfaceOrientationLandscapeLeft UIInterfaceOrientationLandscapeRight";
				LD_RUNPATH_SEARCH_PATHS = (
					"$(inherited)",
					"@executable_path/Frameworks",
				);
				MARKETING_VERSION = 1.0;
				PRODUCT_BUNDLE_IDENTIFIER = com.kwk.ToDo;
				PRODUCT_NAME = "$(TARGET_NAME)";
				SWIFT_EMIT_LOC_STRINGS = YES;
				SWIFT_VERSION = 5.0;
				TARGETED_DEVICE_FAMILY = "1,2";
			};
			name = Debug;
		};
		02EBA68628ABDF3700818ED3 /* Release */ = {
			isa = XCBuildConfiguration;
			buildSettings = {
				ASSETCATALOG_COMPILER_APPICON_NAME = AppIcon;
				ASSETCATALOG_COMPILER_GLOBAL_ACCENT_COLOR_NAME = AccentColor;
				CODE_SIGN_STYLE = Automatic;
				CURRENT_PROJECT_VERSION = 1;
				DEVELOPMENT_TEAM = RP543JY5N7;
				GENERATE_INFOPLIST_FILE = YES;
				INFOPLIST_FILE = ToDo/Info.plist;
				INFOPLIST_KEY_UIApplicationSupportsIndirectInputEvents = YES;
				INFOPLIST_KEY_UILaunchStoryboardName = LaunchScreen;
				INFOPLIST_KEY_UIMainStoryboardFile = Main;
				INFOPLIST_KEY_UISupportedInterfaceOrientations_iPad = "UIInterfaceOrientationPortrait UIInterfaceOrientationPortraitUpsideDown UIInterfaceOrientationLandscapeLeft UIInterfaceOrientationLandscapeRight";
				INFOPLIST_KEY_UISupportedInterfaceOrientations_iPhone = "UIInterfaceOrientationPortrait UIInterfaceOrientationLandscapeLeft UIInterfaceOrientationLandscapeRight";
				LD_RUNPATH_SEARCH_PATHS = (
					"$(inherited)",
					"@executable_path/Frameworks",
				);
				MARKETING_VERSION = 1.0;
				PRODUCT_BUNDLE_IDENTIFIER = com.kwk.ToDo;
				PRODUCT_NAME = "$(TARGET_NAME)";
				SWIFT_EMIT_LOC_STRINGS = YES;
				SWIFT_VERSION = 5.0;
				TARGETED_DEVICE_FAMILY = "1,2";
			};
			name = Release;
		};
		02EBA68828ABDF3700818ED3 /* Debug */ = {
			isa = XCBuildConfiguration;
			buildSettings = {
				ALWAYS_EMBED_SWIFT_STANDARD_LIBRARIES = YES;
				BUNDLE_LOADER = "$(TEST_HOST)";
				CODE_SIGN_STYLE = Automatic;
				CURRENT_PROJECT_VERSION = 1;
				DEVELOPMENT_TEAM = RP543JY5N7;
				GENERATE_INFOPLIST_FILE = YES;
				IPHONEOS_DEPLOYMENT_TARGET = 15.5;
				MARKETING_VERSION = 1.0;
				PRODUCT_BUNDLE_IDENTIFIER = com.kwk.ToDoTests;
				PRODUCT_NAME = "$(TARGET_NAME)";
				SWIFT_EMIT_LOC_STRINGS = NO;
				SWIFT_VERSION = 5.0;
				TARGETED_DEVICE_FAMILY = "1,2";
				TEST_HOST = "$(BUILT_PRODUCTS_DIR)/ToDo.app/ToDo";
			};
			name = Debug;
		};
		02EBA68928ABDF3700818ED3 /* Release */ = {
			isa = XCBuildConfiguration;
			buildSettings = {
				ALWAYS_EMBED_SWIFT_STANDARD_LIBRARIES = YES;
				BUNDLE_LOADER = "$(TEST_HOST)";
				CODE_SIGN_STYLE = Automatic;
				CURRENT_PROJECT_VERSION = 1;
				DEVELOPMENT_TEAM = RP543JY5N7;
				GENERATE_INFOPLIST_FILE = YES;
				IPHONEOS_DEPLOYMENT_TARGET = 15.5;
				MARKETING_VERSION = 1.0;
				PRODUCT_BUNDLE_IDENTIFIER = com.kwk.ToDoTests;
				PRODUCT_NAME = "$(TARGET_NAME)";
				SWIFT_EMIT_LOC_STRINGS = NO;
				SWIFT_VERSION = 5.0;
				TARGETED_DEVICE_FAMILY = "1,2";
				TEST_HOST = "$(BUILT_PRODUCTS_DIR)/ToDo.app/ToDo";
			};
			name = Release;
		};
		02EBA68B28ABDF3700818ED3 /* Debug */ = {
			isa = XCBuildConfiguration;
			buildSettings = {
				ALWAYS_EMBED_SWIFT_STANDARD_LIBRARIES = YES;
				CODE_SIGN_STYLE = Automatic;
				CURRENT_PROJECT_VERSION = 1;
				DEVELOPMENT_TEAM = RP543JY5N7;
				GENERATE_INFOPLIST_FILE = YES;
				MARKETING_VERSION = 1.0;
				PRODUCT_BUNDLE_IDENTIFIER = com.kwk.ToDoUITests;
				PRODUCT_NAME = "$(TARGET_NAME)";
				SWIFT_EMIT_LOC_STRINGS = NO;
				SWIFT_VERSION = 5.0;
				TARGETED_DEVICE_FAMILY = "1,2";
				TEST_TARGET_NAME = ToDo;
			};
			name = Debug;
		};
		02EBA68C28ABDF3700818ED3 /* Release */ = {
			isa = XCBuildConfiguration;
			buildSettings = {
				ALWAYS_EMBED_SWIFT_STANDARD_LIBRARIES = YES;
				CODE_SIGN_STYLE = Automatic;
				CURRENT_PROJECT_VERSION = 1;
				DEVELOPMENT_TEAM = RP543JY5N7;
				GENERATE_INFOPLIST_FILE = YES;
				MARKETING_VERSION = 1.0;
				PRODUCT_BUNDLE_IDENTIFIER = com.kwk.ToDoUITests;
				PRODUCT_NAME = "$(TARGET_NAME)";
				SWIFT_EMIT_LOC_STRINGS = NO;
				SWIFT_VERSION = 5.0;
				TARGETED_DEVICE_FAMILY = "1,2";
				TEST_TARGET_NAME = ToDo;
			};
			name = Release;
		};
/* End XCBuildConfiguration section */

/* Begin XCConfigurationList section */
		02EBA65228ABDF3500818ED3 /* Build configuration list for PBXProject "ToDo" */ = {
			isa = XCConfigurationList;
			buildConfigurations = (
				02EBA68228ABDF3700818ED3 /* Debug */,
				02EBA68328ABDF3700818ED3 /* Release */,
			);
			defaultConfigurationIsVisible = 0;
			defaultConfigurationName = Release;
		};
		02EBA68428ABDF3700818ED3 /* Build configuration list for PBXNativeTarget "ToDo" */ = {
			isa = XCConfigurationList;
			buildConfigurations = (
				02EBA68528ABDF3700818ED3 /* Debug */,
				02EBA68628ABDF3700818ED3 /* Release */,
			);
			defaultConfigurationIsVisible = 0;
			defaultConfigurationName = Release;
		};
		02EBA68728ABDF3700818ED3 /* Build configuration list for PBXNativeTarget "ToDoTests" */ = {
			isa = XCConfigurationList;
			buildConfigurations = (
				02EBA68828ABDF3700818ED3 /* Debug */,
				02EBA68928ABDF3700818ED3 /* Release */,
			);
			defaultConfigurationIsVisible = 0;
			defaultConfigurationName = Release;
		};
		02EBA68A28ABDF3700818ED3 /* Build configuration list for PBXNativeTarget "ToDoUITests" */ = {
			isa = XCConfigurationList;
			buildConfigurations = (
				02EBA68B28ABDF3700818ED3 /* Debug */,
				02EBA68C28ABDF3700818ED3 /* Release */,
			);
			defaultConfigurationIsVisible = 0;
			defaultConfigurationName = Release;
		};
/* End XCConfigurationList section */

/* Begin XCVersionGroup section */
		02EBA66328ABDF3500818ED3 /* ToDo.xcdatamodeld */ = {
			isa = XCVersionGroup;
			children = (
				02EBA66428ABDF3500818ED3 /* ToDo.xcdatamodel */,
			);
			currentVersion = 02EBA66428ABDF3500818ED3 /* ToDo.xcdatamodel */;
			path = ToDo.xcdatamodeld;
			sourceTree = "<group>";
			versionGroupType = wrapper.xcdatamodel;
		};
/* End XCVersionGroup section */
	};
	rootObject = 02EBA64F28ABDF3500818ED3 /* Project object */;
}
